[root]
name = "i3-workspace-scroll"
version = "0.1.0"
dependencies = [
 "i3ipc 0.4.1 (registry+https://github.com/rust-lang/crates.io-index)",
]

[[package]]
name = "byteorder"
version = "0.3.13"
source = "registry+https://github.com/rust-lang/crates.io-index"

[[package]]
name = "debug-builders"
version = "0.1.0"
source = "registry+https://github.com/rust-lang/crates.io-index"

[[package]]
name = "i3ipc"
version = "0.4.1"
source = "registry+https://github.com/rust-lang/crates.io-index"
dependencies = [
 "byteorder 0.3.13 (registry+https://github.com/rust-lang/crates.io-index)",
 "serde 0.6.15 (registry+https://github.com/rust-lang/crates.io-index)",
 "serde_json 0.6.1 (registry+https://github.com/rust-lang/crates.io-index)",
 "unix_socket 0.4.6 (registry+https://github.com/rust-lang/crates.io-index)",
]

[[package]]
name = "libc"
version = "0.1.12"
source = "registry+https://github.com/rust-lang/crates.io-index"

[[package]]
name = "libc"
version = "0.2.15"
source = "registry+https://github.com/rust-lang/crates.io-index"

[[package]]
name = "num"
version = "0.1.35"
source = "registry+https://github.com/rust-lang/crates.io-index"
dependencies = [
 "num-bigint 0.1.35 (registry+https://github.com/rust-lang/crates.io-index)",
 "num-complex 0.1.35 (registry+https://github.com/rust-lang/crates.io-index)",
 "num-integer 0.1.32 (registry+https://github.com/rust-lang/crates.io-index)",
 "num-iter 0.1.32 (registry+https://github.com/rust-lang/crates.io-index)",
 "num-rational 0.1.35 (registry+https://github.com/rust-lang/crates.io-index)",
 "num-traits 0.1.35 (registry+https://github.com/rust-lang/crates.io-index)",
]

[[package]]
name = "num-bigint"
version = "0.1.35"
source = "registry+https://github.com/rust-lang/crates.io-index"
dependencies = [
 "num-integer 0.1.32 (registry+https://github.com/rust-lang/crates.io-index)",
 "num-traits 0.1.35 (registry+https://github.com/rust-lang/crates.io-index)",
 "rand 0.3.14 (registry+https://github.com/rust-lang/crates.io-index)",
 "rustc-serialize 0.3.19 (registry+https://github.com/rust-lang/crates.io-index)",
]

[[package]]
name = "num-complex"
version = "0.1.35"
source = "registry+https://github.com/rust-lang/crates.io-index"
dependencies = [
 "num-traits 0.1.35 (registry+https://github.com/rust-lang/crates.io-index)",
 "rustc-serialize 0.3.19 (registry+https://github.com/rust-lang/crates.io-index)",
]

[[package]]
name = "num-integer"
version = "0.1.32"
source = "registry+https://github.com/rust-lang/crates.io-index"
dependencies = [
 "num-traits 0.1.35 (registry+https://github.com/rust-lang/crates.io-index)",
]

[[package]]
name = "num-iter"
version = "0.1.32"
source = "registry+https://github.com/rust-lang/crates.io-index"
dependencies = [
 "num-integer 0.1.32 (registry+https://github.com/rust-lang/crates.io-index)",
 "num-traits 0.1.35 (registry+https://github.com/rust-lang/crates.io-index)",
]

[[package]]
name = "num-rational"
version = "0.1.35"
source = "registry+https://github.com/rust-lang/crates.io-index"
dependencies = [
 "num-bigint 0.1.35 (registry+https://github.com/rust-lang/crates.io-index)",
 "num-integer 0.1.32 (registry+https://github.com/rust-lang/crates.io-index)",
 "num-traits 0.1.35 (registry+https://github.com/rust-lang/crates.io-index)",
 "rustc-serialize 0.3.19 (registry+https://github.com/rust-lang/crates.io-index)",
]

[[package]]
name = "num-traits"
version = "0.1.35"
source = "registry+https://github.com/rust-lang/crates.io-index"

[[package]]
name = "rand"
version = "0.3.14"
source = "registry+https://github.com/rust-lang/crates.io-index"
dependencies = [
 "libc 0.2.15 (registry+https://github.com/rust-lang/crates.io-index)",
]

[[package]]
name = "rustc-serialize"
version = "0.3.19"
source = "registry+https://github.com/rust-lang/crates.io-index"

[[package]]
name = "serde"
version = "0.6.15"
source = "registry+https://github.com/rust-lang/crates.io-index"
dependencies = [
 "num 0.1.35 (registry+https://github.com/rust-lang/crates.io-index)",
]

[[package]]
name = "serde_json"
version = "0.6.1"
source = "registry+https://github.com/rust-lang/crates.io-index"
dependencies = [
 "num 0.1.35 (registry+https://github.com/rust-lang/crates.io-index)",
 "serde 0.6.15 (registry+https://github.com/rust-lang/crates.io-index)",
]

[[package]]
name = "unix_socket"
version = "0.4.6"
source = "registry+https://github.com/rust-lang/crates.io-index"
dependencies = [
 "debug-builders 0.1.0 (registry+https://github.com/rust-lang/crates.io-index)",
 "libc 0.1.12 (registry+https://github.com/rust-lang/crates.io-index)",
]

[metadata]
"checksum byteorder 0.3.13 (registry+https://github.com/rust-lang/crates.io-index)" = "29b2aa490a8f546381308d68fc79e6bd753cd3ad839f7a7172897f1feedfa175"
"checksum debug-builders 0.1.0 (registry+https://github.com/rust-lang/crates.io-index)" = "0f5d8e3d14cabcb2a8a59d7147289173c6ada77a0bc526f6b85078f941c0cf12"
"checksum i3ipc 0.4.1 (registry+https://github.com/rust-lang/crates.io-index)" = "2623d530f092968cad33658ff129f2546eb3387401485fadafb6b39b13225fe8"
"checksum libc 0.1.12 (registry+https://github.com/rust-lang/crates.io-index)" = "e32a70cf75e5846d53a673923498228bbec6a8624708a9ea5645f075d6276122"
"checksum libc 0.2.15 (registry+https://github.com/rust-lang/crates.io-index)" = "23e3757828fa702a20072c37ff47938e9dd331b92fac6e223d26d4b7a55f7ee2"
"checksum num 0.1.35 (registry+https://github.com/rust-lang/crates.io-index)" = "5a9699207fab8b02bd0e56f8f06fee3f26d640303130de548898b4c9704f6d01"
"checksum num-bigint 0.1.35 (registry+https://github.com/rust-lang/crates.io-index)" = "88b14378471f7c2adc5262f05b4701ef53e8da376453a8d8fee48e51db745e49"
"checksum num-complex 0.1.35 (registry+https://github.com/rust-lang/crates.io-index)" = "f0c78e054dd19c3fd03419ade63fa661e9c49bb890ce3beb4eee5b7baf93f92f"
"checksum num-integer 0.1.32 (registry+https://github.com/rust-lang/crates.io-index)" = "fb24d9bfb3f222010df27995441ded1e954f8f69cd35021f6bef02ca9552fb92"
"checksum num-iter 0.1.32 (registry+https://github.com/rust-lang/crates.io-index)" = "287a1c9969a847055e1122ec0ea7a5c5d6f72aad97934e131c83d5c08ab4e45c"
"checksum num-rational 0.1.35 (registry+https://github.com/rust-lang/crates.io-index)" = "54ff603b8334a72fbb27fe66948aac0abaaa40231b3cecd189e76162f6f38aaf"
"checksum num-traits 0.1.35 (registry+https://github.com/rust-lang/crates.io-index)" = "8359ea48994f253fa958b5b90b013728b06f54872e5a58bce39540fcdd0f2527"
"checksum rand 0.3.14 (registry+https://github.com/rust-lang/crates.io-index)" = "2791d88c6defac799c3f20d74f094ca33b9332612d9aef9078519c82e4fe04a5"
"checksum rustc-serialize 0.3.19 (registry+https://github.com/rust-lang/crates.io-index)" = "6159e4e6e559c81bd706afe9c8fd68f547d3e851ce12e76b1de7914bab61691b"
"checksum serde 0.6.15 (registry+https://github.com/rust-lang/crates.io-index)" = "c97b18e9e53de541f11e497357d6c5eaeb39f0cb9c8734e274abe4935f6991fa"
"checksum serde_json 0.6.1 (registry+https://github.com/rust-lang/crates.io-index)" = "b5aaee47e038bf9552d30380d3973fff2593ee0a76d81ad4c581f267cdcadf36"
"checksum unix_socket 0.4.6 (registry+https://github.com/rust-lang/crates.io-index)" = "d570eba7deb3197c04599645dd776ca8b7b9c3c623be7491c61d50ed5895f13d"
